
Microsoft Visual Studio Solution File, Format Version 12.00
# Visual Studio Version 16
VisualStudioVersion = 16.0.33130.400
MinimumVisualStudioVersion = 10.0.40219.1
Project("{FAE04EC0-301F-11D3-BF4B-00C04F79EFBC}") = "WpfAppV1", "WpfAppV1.csproj", "{D131026B-5B7B-4BFF-A3EB-3B3738E5AB68}"
EndProject
Global
	GlobalSection(SolutionConfigurationPlatforms) = preSolution
		Debug|Any CPU = Debug|Any CPU
		Release|Any CPU = Release|Any CPU
	EndGlobalSection
	GlobalSection(ProjectConfigurationPlatforms) = postSolution
		{D131026B-5B7B-4BFF-A3EB-3B3738E5AB68}.Debug|Any CPU.ActiveCfg = Debug|Any CPU
		{D131026B-5B7B-4BFF-A3EB-3B3738E5AB68}.Debug|Any CPU.Build.0 = Debug|Any CPU
		{D131026B-5B7B-4BFF-A3EB-3B3738E5AB68}.Release|Any CPU.ActiveCfg = Release|Any CPU
		{D131026B-5B7B-4BFF-A3EB-3B3738E5AB68}.Release|Any CPU.Build.0 = Release|Any CPU
	EndGlobalSection
	GlobalSection(SolutionProperties) = preSolution
		HideSolutionNode = FALSE
	EndGlobalSection
	GlobalSection(ExtensibilityGlobals) = postSolution
		SolutionGuid = {12F06F09-0D06-4B64-8F94-72FE324F47DB}
	EndGlobalSection
EndGlobal
